{
  "version": 4,
  "terraform_version": "1.3.3",
  "serial": 180,
  "lineage": "9617adb4-3b94-fe52-7499-8ce473adfd22",
  "outputs": {
    "raw_schemas": {
      "value": [
        {
          "RAW": {
            "all_roles": [
              "LOADER"
            ],
            "comment": [
              "contains raw data from our source systems"
            ],
            "database": [
              "DEV"
            ],
            "usage_roles": [
              "TRANSFORMER"
            ]
          }
        },
        {
          "ANALYTICS": {
            "all_roles": [
              "TRANSFORMER"
            ],
            "comment": [
              "contains tables and views accessible to analysts and reporting"
            ],
            "database": [
              "DEV"
            ],
            "usage_roles": null
          }
        }
      ],
      "type": [
        "tuple",
        [
          [
            "object",
            {
              "RAW": [
                "object",
                {
                  "all_roles": [
                    "tuple",
                    [
                      "string"
                    ]
                  ],
                  "comment": [
                    "tuple",
                    [
                      "string"
                    ]
                  ],
                  "database": [
                    "tuple",
                    [
                      "string"
                    ]
                  ],
                  "usage_roles": [
                    "tuple",
                    [
                      "string"
                    ]
                  ]
                }
              ]
            }
          ],
          [
            "object",
            {
              "ANALYTICS": [
                "object",
                {
                  "all_roles": [
                    "tuple",
                    [
                      "string"
                    ]
                  ],
                  "comment": [
                    "tuple",
                    [
                      "string"
                    ]
                  ],
                  "database": [
                    "tuple",
                    [
                      "string"
                    ]
                  ],
                  "usage_roles": "dynamic"
                }
              ]
            }
          ]
        ]
      ]
    },
    "schemas_from_yml": {
      "value": {
        "ANALYTICS": {
          "all_roles": [
            "TRANSFORMER"
          ],
          "comment": [
            "contains tables and views accessible to analysts and reporting"
          ],
          "database": [
            "DEV"
          ],
          "usage_roles": null
        },
        "RAW": {
          "all_roles": [
            "LOADER"
          ],
          "comment": [
            "contains raw data from our source systems"
          ],
          "database": [
            "DEV"
          ],
          "usage_roles": [
            "TRANSFORMER"
          ]
        }
      },
      "type": [
        "object",
        {
          "ANALYTICS": [
            "object",
            {
              "all_roles": [
                "tuple",
                [
                  "string"
                ]
              ],
              "comment": [
                "tuple",
                [
                  "string"
                ]
              ],
              "database": [
                "tuple",
                [
                  "string"
                ]
              ],
              "usage_roles": "dynamic"
            }
          ],
          "RAW": [
            "object",
            {
              "all_roles": [
                "tuple",
                [
                  "string"
                ]
              ],
              "comment": [
                "tuple",
                [
                  "string"
                ]
              ],
              "database": [
                "tuple",
                [
                  "string"
                ]
              ],
              "usage_roles": [
                "tuple",
                [
                  "string"
                ]
              ]
            }
          ]
        }
      ]
    },
    "users_from_yml": {
      "value": {
        "HAVI": {
          "login_name": "STITCH_ANALYST@TEST.COM",
          "namespace": "DEV.PUBLIC",
          "role": "LOADER",
          "warehouse": "LOADER_WH"
        },
        "INIESTA": {
          "login_name": "MAC_DATAENGINEER@TEST.COM",
          "namespace": "DEV.PUBLIC",
          "role": "TRANSFORMER",
          "warehouse": "TRANSFORMER_WH"
        },
        "PIQUE": {
          "login_name": "CHEESE_DATAENGINEER@TEST.COM",
          "namespace": "DEV.PUBLIC",
          "role": "TRANSFORMER",
          "warehouse": "TRANSFORMER_WH"
        }
      },
      "type": [
        "object",
        {
          "HAVI": [
            "object",
            {
              "login_name": "string",
              "namespace": "string",
              "role": "string",
              "warehouse": "string"
            }
          ],
          "INIESTA": [
            "object",
            {
              "login_name": "string",
              "namespace": "string",
              "role": "string",
              "warehouse": "string"
            }
          ],
          "PIQUE": [
            "object",
            {
              "login_name": "string",
              "namespace": "string",
              "role": "string",
              "warehouse": "string"
            }
          ]
        }
      ]
    }
  },
  "resources": [
    {
      "mode": "managed",
      "type": "snowflake_role",
      "name": "role",
      "provider": "provider[\"registry.terraform.io/snowflake-labs/snowflake\"]",
      "instances": [
        {
          "index_key": "LOADER",
          "schema_version": 0,
          "attributes": {
            "comment": "Owns the tables in raw schema",
            "id": "LOADER",
            "name": "LOADER",
            "tag": []
          },
          "sensitive_attributes": [],
          "private": "bnVsbA=="
        },
        {
          "index_key": "TRANSFORMER",
          "schema_version": 0,
          "attributes": {
            "comment": "Has query permissions on tables in raw schema and owns tables in the analytics schema.",
            "id": "TRANSFORMER",
            "name": "TRANSFORMER",
            "tag": []
          },
          "sensitive_attributes": [],
          "private": "bnVsbA=="
        }
      ]
    },
    {
      "mode": "managed",
      "type": "snowflake_role_grants",
      "name": "role_grant",
      "provider": "provider[\"registry.terraform.io/snowflake-labs/snowflake\"]",
      "instances": [
        {
          "index_key": "LOADER",
          "schema_version": 0,
          "attributes": {
            "enable_multiple_grants": false,
            "id": "LOADER|||||false",
            "role_name": "LOADER",
            "roles": [],
            "users": [
              "HAVI"
            ]
          },
          "sensitive_attributes": [],
          "private": "bnVsbA=="
        },
        {
          "index_key": "TRANSFORMER",
          "schema_version": 0,
          "attributes": {
            "enable_multiple_grants": false,
            "id": "TRANSFORMER|||||false",
            "role_name": "TRANSFORMER",
            "roles": [],
            "users": [
              "INIESTA",
              "PIQUE"
            ]
          },
          "sensitive_attributes": [],
          "private": "bnVsbA=="
        }
      ]
    },
    {
      "mode": "managed",
      "type": "snowflake_schema",
      "name": "schema",
      "provider": "provider[\"registry.terraform.io/snowflake-labs/snowflake\"]",
      "instances": [
        {
          "index_key": "ANALYTICS",
          "schema_version": 0,
          "attributes": {
            "comment": "contains tables and views accessible to analysts and reporting",
            "data_retention_days": 1,
            "database": "DEV",
            "id": "DEV|ANALYTICS",
            "is_managed": false,
            "is_transient": false,
            "name": "ANALYTICS",
            "tag": []
          },
          "sensitive_attributes": [],
          "private": "bnVsbA=="
        },
        {
          "index_key": "RAW",
          "schema_version": 0,
          "attributes": {
            "comment": "contains raw data from our source systems",
            "data_retention_days": 1,
            "database": "DEV",
            "id": "DEV|RAW",
            "is_managed": false,
            "is_transient": false,
            "name": "RAW",
            "tag": []
          },
          "sensitive_attributes": [],
          "private": "bnVsbA=="
        }
      ]
    },
    {
      "mode": "managed",
      "type": "snowflake_schema_grant",
      "name": "schema_grant_all",
      "provider": "provider[\"registry.terraform.io/snowflake-labs/snowflake\"]",
      "instances": [
        {
          "index_key": "ANALYTICS",
          "schema_version": 0,
          "attributes": {
            "database_name": "DEV",
            "enable_multiple_grants": false,
            "id": "DEV|ANALYTICS||OWNERSHIP|TRANSFORMER|false",
            "on_future": false,
            "privilege": "OWNERSHIP",
            "roles": [
              "TRANSFORMER"
            ],
            "schema_name": "ANALYTICS",
            "shares": [],
            "with_grant_option": false
          },
          "sensitive_attributes": [],
          "private": "bnVsbA=="
        },
        {
          "index_key": "RAW",
          "schema_version": 0,
          "attributes": {
            "database_name": "DEV",
            "enable_multiple_grants": false,
            "id": "DEV|RAW||OWNERSHIP|LOADER|false",
            "on_future": false,
            "privilege": "OWNERSHIP",
            "roles": [
              "LOADER"
            ],
            "schema_name": "RAW",
            "shares": [],
            "with_grant_option": false
          },
          "sensitive_attributes": [],
          "private": "bnVsbA=="
        }
      ]
    },
    {
      "mode": "managed",
      "type": "snowflake_schema_grant",
      "name": "schema_grant_usage",
      "provider": "provider[\"registry.terraform.io/snowflake-labs/snowflake\"]",
      "instances": [
        {
          "index_key": "ANALYTICS",
          "schema_version": 0,
          "attributes": {
            "database_name": "DEV",
            "enable_multiple_grants": false,
            "id": "DEV|ANALYTICS||USAGE||false",
            "on_future": false,
            "privilege": "USAGE",
            "roles": [],
            "schema_name": "ANALYTICS",
            "shares": [],
            "with_grant_option": false
          },
          "sensitive_attributes": [],
          "private": "bnVsbA=="
        },
        {
          "index_key": "RAW",
          "schema_version": 0,
          "attributes": {
            "database_name": "DEV",
            "enable_multiple_grants": false,
            "id": "DEV|RAW||USAGE|TRANSFORMER|false",
            "on_future": false,
            "privilege": "USAGE",
            "roles": [
              "TRANSFORMER"
            ],
            "schema_name": "RAW",
            "shares": [],
            "with_grant_option": false
          },
          "sensitive_attributes": [],
          "private": "bnVsbA=="
        }
      ]
    },
    {
      "mode": "managed",
      "type": "snowflake_user",
      "name": "user",
      "provider": "provider[\"registry.terraform.io/snowflake-labs/snowflake\"]",
      "instances": [
        {
          "index_key": "HAVI",
          "schema_version": 0,
          "attributes": {
            "comment": "",
            "default_namespace": "DEV.PUBLIC",
            "default_role": "LOADER",
            "default_secondary_roles": [],
            "default_warehouse": "LOADER_WH",
            "disabled": false,
            "display_name": "HAVI",
            "email": "",
            "first_name": "",
            "has_rsa_public_key": false,
            "id": "HAVI",
            "last_name": "",
            "login_name": "STITCH_ANALYST@TEST.COM",
            "must_change_password": false,
            "name": "HAVI",
            "password": null,
            "rsa_public_key": null,
            "rsa_public_key_2": null,
            "tag": []
          },
          "sensitive_attributes": [],
          "private": "bnVsbA=="
        },
        {
          "index_key": "INIESTA",
          "schema_version": 0,
          "attributes": {
            "comment": "",
            "default_namespace": "DEV.PUBLIC",
            "default_role": "TRANSFORMER",
            "default_secondary_roles": [],
            "default_warehouse": "TRANSFORMER_WH",
            "disabled": false,
            "display_name": "INIESTA",
            "email": "",
            "first_name": "",
            "has_rsa_public_key": false,
            "id": "INIESTA",
            "last_name": "",
            "login_name": "MAC_DATAENGINEER@TEST.COM",
            "must_change_password": false,
            "name": "INIESTA",
            "password": null,
            "rsa_public_key": null,
            "rsa_public_key_2": null,
            "tag": []
          },
          "sensitive_attributes": [],
          "private": "bnVsbA=="
        },
        {
          "index_key": "PIQUE",
          "schema_version": 0,
          "attributes": {
            "comment": "",
            "default_namespace": "DEV.PUBLIC",
            "default_role": "TRANSFORMER",
            "default_secondary_roles": [],
            "default_warehouse": "TRANSFORMER_WH",
            "disabled": false,
            "display_name": "PIQUE",
            "email": "",
            "first_name": "",
            "has_rsa_public_key": false,
            "id": "PIQUE",
            "last_name": "",
            "login_name": "CHEESE_DATAENGINEER@TEST.COM",
            "must_change_password": false,
            "name": "PIQUE",
            "password": null,
            "rsa_public_key": null,
            "rsa_public_key_2": null,
            "tag": []
          },
          "sensitive_attributes": [],
          "private": "bnVsbA=="
        }
      ]
    }
  ],
  "check_results": []
}
